
Microsoft Visual Studio Solution File, Format Version 12.00
# Visual Studio Version 17
VisualStudioVersion = 17.7.34031.279
MinimumVisualStudioVersion = 10.0.40219.1
Project("{8BC9CEB8-8B4A-11D0-8D11-00A0C91BC942}") = "WelocomeToTheArena", "WelocomeToTheArena.vcxproj", "{3BF22DB8-DDA0-4845-A76E-813F758F9815}"
EndProject
Global
	GlobalSection(SolutionConfigurationPlatforms) = preSolution
		Debug|x64 = Debug|x64
		Debug|x86 = Debug|x86
		Release|x64 = Release|x64
		Release|x86 = Release|x86
	EndGlobalSection
	GlobalSection(ProjectConfigurationPlatforms) = postSolution
		{3BF22DB8-DDA0-4845-A76E-813F758F9815}.Debug|x64.ActiveCfg = Debug|x64
		{3BF22DB8-DDA0-4845-A76E-813F758F9815}.Debug|x64.Build.0 = Debug|x64
		{3BF22DB8-DDA0-4845-A76E-813F758F9815}.Debug|x86.ActiveCfg = Debug|Win32
		{3BF22DB8-DDA0-4845-A76E-813F758F9815}.Debug|x86.Build.0 = Debug|Win32
		{3BF22DB8-DDA0-4845-A76E-813F758F9815}.Release|x64.ActiveCfg = Release|x64
		{3BF22DB8-DDA0-4845-A76E-813F758F9815}.Release|x64.Build.0 = Release|x64
		{3BF22DB8-DDA0-4845-A76E-813F758F9815}.Release|x86.ActiveCfg = Release|Win32
		{3BF22DB8-DDA0-4845-A76E-813F758F9815}.Release|x86.Build.0 = Release|Win32
	EndGlobalSection
	GlobalSection(SolutionProperties) = preSolution
		HideSolutionNode = FALSE
	EndGlobalSection
	GlobalSection(ExtensibilityGlobals) = postSolution
		SolutionGuid = {919FB047-EF15-4F1B-B3FD-B57520405EF5}
	EndGlobalSection
EndGlobal
